
Microsoft Visual Studio Solution File, Format Version 12.00
# Visual Studio Version 17
VisualStudioVersion = 17.4.33205.214
MinimumVisualStudioVersion = 10.0.40219.1
Project("{9A19103F-16F7-4668-BE54-9A1E7A4F7556}") = "ISTB.DataAccess", "ISTB.DataAccess\ISTB.DataAccess.csproj", "{F33E9F78-067C-4763-931E-5426989B86FB}"
EndProject
Project("{9A19103F-16F7-4668-BE54-9A1E7A4F7556}") = "ISTB.Framework", "ISTB.Framework\ISTB.Framework.csproj", "{5A12D6F6-35BE-409A-9375-5096CE7242D4}"
EndProject
Project("{9A19103F-16F7-4668-BE54-9A1E7A4F7556}") = "ISTB.BusinessLogic", "ISTB.BusinessLogic\ISTB.BusinessLogic.csproj", "{1AEA29CC-39FB-411D-A06B-CB09D0E3B0F8}"
EndProject
Project("{9A19103F-16F7-4668-BE54-9A1E7A4F7556}") = "ISTB.TelegramBot", "ISTB.TelegramBot\ISTB.TelegramBot.csproj", "{7293998E-8359-422A-9D45-3874F2B2CE34}"
EndProject
Global
	GlobalSection(SolutionConfigurationPlatforms) = preSolution
		Debug|Any CPU = Debug|Any CPU
		Release|Any CPU = Release|Any CPU
	EndGlobalSection
	GlobalSection(ProjectConfigurationPlatforms) = postSolution
		{F33E9F78-067C-4763-931E-5426989B86FB}.Debug|Any CPU.ActiveCfg = Debug|Any CPU
		{F33E9F78-067C-4763-931E-5426989B86FB}.Debug|Any CPU.Build.0 = Debug|Any CPU
		{F33E9F78-067C-4763-931E-5426989B86FB}.Release|Any CPU.ActiveCfg = Release|Any CPU
		{F33E9F78-067C-4763-931E-5426989B86FB}.Release|Any CPU.Build.0 = Release|Any CPU
		{5A12D6F6-35BE-409A-9375-5096CE7242D4}.Debug|Any CPU.ActiveCfg = Debug|Any CPU
		{5A12D6F6-35BE-409A-9375-5096CE7242D4}.Debug|Any CPU.Build.0 = Debug|Any CPU
		{5A12D6F6-35BE-409A-9375-5096CE7242D4}.Release|Any CPU.ActiveCfg = Release|Any CPU
		{5A12D6F6-35BE-409A-9375-5096CE7242D4}.Release|Any CPU.Build.0 = Release|Any CPU
		{1AEA29CC-39FB-411D-A06B-CB09D0E3B0F8}.Debug|Any CPU.ActiveCfg = Debug|Any CPU
		{1AEA29CC-39FB-411D-A06B-CB09D0E3B0F8}.Debug|Any CPU.Build.0 = Debug|Any CPU
		{1AEA29CC-39FB-411D-A06B-CB09D0E3B0F8}.Release|Any CPU.ActiveCfg = Release|Any CPU
		{1AEA29CC-39FB-411D-A06B-CB09D0E3B0F8}.Release|Any CPU.Build.0 = Release|Any CPU
		{7293998E-8359-422A-9D45-3874F2B2CE34}.Debug|Any CPU.ActiveCfg = Debug|Any CPU
		{7293998E-8359-422A-9D45-3874F2B2CE34}.Debug|Any CPU.Build.0 = Debug|Any CPU
		{7293998E-8359-422A-9D45-3874F2B2CE34}.Release|Any CPU.ActiveCfg = Release|Any CPU
		{7293998E-8359-422A-9D45-3874F2B2CE34}.Release|Any CPU.Build.0 = Release|Any CPU
	EndGlobalSection
	GlobalSection(SolutionProperties) = preSolution
		HideSolutionNode = FALSE
	EndGlobalSection
	GlobalSection(ExtensibilityGlobals) = postSolution
		SolutionGuid = {39988A33-3226-4DB1-8558-12C2FA4D00C2}
	EndGlobalSection
EndGlobal
